
Microsoft Visual Studio Solution File, Format Version 12.00
# Visual Studio Version 17
VisualStudioVersion = 17.13.35825.156 d17.13
MinimumVisualStudioVersion = 10.0.40219.1
Project("{8BC9CEB8-8B4A-11D0-8D11-00A0C91BC942}") = "VehicleMakerCpp", "VehicleMakerCpp\VehicleMakerCpp.vcxproj", "{8C61A0A0-10A2-4711-9129-4436A2CFC872}"
EndProject
Project("{FAE04EC0-301F-11D3-BF4B-00C04F79EFBC}") = "VehicleMakerUI", "VehicleMakerUI\VehicleMakerUI.csproj", "{35E0671A-820A-4C3E-8AD1-E9B89E4A6144}"
EndProject
Global
	GlobalSection(SolutionConfigurationPlatforms) = preSolution
		Debug|Any CPU = Debug|Any CPU
		Debug|x64 = Debug|x64
		Debug|x86 = Debug|x86
		Release|Any CPU = Release|Any CPU
		Release|x64 = Release|x64
		Release|x86 = Release|x86
	EndGlobalSection
	GlobalSection(ProjectConfigurationPlatforms) = postSolution
		{8C61A0A0-10A2-4711-9129-4436A2CFC872}.Debug|Any CPU.ActiveCfg = Debug|x64
		{8C61A0A0-10A2-4711-9129-4436A2CFC872}.Debug|Any CPU.Build.0 = Debug|x64
		{8C61A0A0-10A2-4711-9129-4436A2CFC872}.Debug|x64.ActiveCfg = Debug|x64
		{8C61A0A0-10A2-4711-9129-4436A2CFC872}.Debug|x64.Build.0 = Debug|x64
		{8C61A0A0-10A2-4711-9129-4436A2CFC872}.Debug|x86.ActiveCfg = Debug|Win32
		{8C61A0A0-10A2-4711-9129-4436A2CFC872}.Debug|x86.Build.0 = Debug|Win32
		{8C61A0A0-10A2-4711-9129-4436A2CFC872}.Release|Any CPU.ActiveCfg = Release|x64
		{8C61A0A0-10A2-4711-9129-4436A2CFC872}.Release|Any CPU.Build.0 = Release|x64
		{8C61A0A0-10A2-4711-9129-4436A2CFC872}.Release|x64.ActiveCfg = Release|x64
		{8C61A0A0-10A2-4711-9129-4436A2CFC872}.Release|x64.Build.0 = Release|x64
		{8C61A0A0-10A2-4711-9129-4436A2CFC872}.Release|x86.ActiveCfg = Release|Win32
		{8C61A0A0-10A2-4711-9129-4436A2CFC872}.Release|x86.Build.0 = Release|Win32
		{35E0671A-820A-4C3E-8AD1-E9B89E4A6144}.Debug|Any CPU.ActiveCfg = Debug|Any CPU
		{35E0671A-820A-4C3E-8AD1-E9B89E4A6144}.Debug|Any CPU.Build.0 = Debug|Any CPU
		{35E0671A-820A-4C3E-8AD1-E9B89E4A6144}.Debug|x64.ActiveCfg = Debug|Any CPU
		{35E0671A-820A-4C3E-8AD1-E9B89E4A6144}.Debug|x64.Build.0 = Debug|Any CPU
		{35E0671A-820A-4C3E-8AD1-E9B89E4A6144}.Debug|x86.ActiveCfg = Debug|Any CPU
		{35E0671A-820A-4C3E-8AD1-E9B89E4A6144}.Debug|x86.Build.0 = Debug|Any CPU
		{35E0671A-820A-4C3E-8AD1-E9B89E4A6144}.Release|Any CPU.ActiveCfg = Release|Any CPU
		{35E0671A-820A-4C3E-8AD1-E9B89E4A6144}.Release|Any CPU.Build.0 = Release|Any CPU
		{35E0671A-820A-4C3E-8AD1-E9B89E4A6144}.Release|x64.ActiveCfg = Release|Any CPU
		{35E0671A-820A-4C3E-8AD1-E9B89E4A6144}.Release|x64.Build.0 = Release|Any CPU
		{35E0671A-820A-4C3E-8AD1-E9B89E4A6144}.Release|x86.ActiveCfg = Release|Any CPU
		{35E0671A-820A-4C3E-8AD1-E9B89E4A6144}.Release|x86.Build.0 = Release|Any CPU
	EndGlobalSection
	GlobalSection(SolutionProperties) = preSolution
		HideSolutionNode = FALSE
	EndGlobalSection
	GlobalSection(ExtensibilityGlobals) = postSolution
		SolutionGuid = {47DDBA8D-F90F-4117-90D4-EF99637AF36B}
	EndGlobalSection
EndGlobal
